
Microsoft Visual Studio Solution File, Format Version 12.00
# Visual Studio Version 16
VisualStudioVersion = 16.0.29519.181
MinimumVisualStudioVersion = 10.0.40219.1
Project("{FAE04EC0-301F-11D3-BF4B-00C04F79EFBC}") = "DBSandBox", "DBSandBox.csproj", "{D1A1D441-A598-40E9-8CAD-9A4243457754}"
EndProject
Global
	GlobalSection(SolutionConfigurationPlatforms) = preSolution
		Debug|Any CPU = Debug|Any CPU
		Release|Any CPU = Release|Any CPU
	EndGlobalSection
	GlobalSection(ProjectConfigurationPlatforms) = postSolution
		{D1A1D441-A598-40E9-8CAD-9A4243457754}.Debug|Any CPU.ActiveCfg = Debug|Any CPU
		{D1A1D441-A598-40E9-8CAD-9A4243457754}.Debug|Any CPU.Build.0 = Debug|Any CPU
		{D1A1D441-A598-40E9-8CAD-9A4243457754}.Release|Any CPU.ActiveCfg = Release|Any CPU
		{D1A1D441-A598-40E9-8CAD-9A4243457754}.Release|Any CPU.Build.0 = Release|Any CPU
	EndGlobalSection
	GlobalSection(SolutionProperties) = preSolution
		HideSolutionNode = FALSE
	EndGlobalSection
	GlobalSection(ExtensibilityGlobals) = postSolution
		SolutionGuid = {E25D30BF-8D60-4401-AF33-183B80EF3A65}
	EndGlobalSection
EndGlobal
